
Microsoft Visual Studio Solution File, Format Version 12.00
# Visual Studio Version 17
VisualStudioVersion = 17.6.33815.320
MinimumVisualStudioVersion = 10.0.40219.1
Project("{FAE04EC0-301F-11D3-BF4B-00C04F79EFBC}") = "tsmake", "tsmake.csproj", "{8AA5BB28-EEAF-4F3B-9E39-61ABCC9423A1}"
EndProject
Global
	GlobalSection(SolutionConfigurationPlatforms) = preSolution
		Debug|Any CPU = Debug|Any CPU
		Release|Any CPU = Release|Any CPU
	EndGlobalSection
	GlobalSection(ProjectConfigurationPlatforms) = postSolution
		{8AA5BB28-EEAF-4F3B-9E39-61ABCC9423A1}.Debug|Any CPU.ActiveCfg = Debug|Any CPU
		{8AA5BB28-EEAF-4F3B-9E39-61ABCC9423A1}.Debug|Any CPU.Build.0 = Debug|Any CPU
		{8AA5BB28-EEAF-4F3B-9E39-61ABCC9423A1}.Release|Any CPU.ActiveCfg = Release|Any CPU
		{8AA5BB28-EEAF-4F3B-9E39-61ABCC9423A1}.Release|Any CPU.Build.0 = Release|Any CPU
	EndGlobalSection
	GlobalSection(SolutionProperties) = preSolution
		HideSolutionNode = FALSE
	EndGlobalSection
	GlobalSection(ExtensibilityGlobals) = postSolution
		SolutionGuid = {BDC68FA9-23CF-4D49-8963-262E3E1E61AF}
	EndGlobalSection
EndGlobal
