
Microsoft Visual Studio Solution File, Format Version 12.00
# Visual Studio Version 16
VisualStudioVersion = 16.0.31112.23
MinimumVisualStudioVersion = 10.0.40219.1
Project("{9A19103F-16F7-4668-BE54-9A1E7A4F7556}") = "tsmake.terminal", "tsmake.terminal\tsmake.terminal.csproj", "{7B28480D-B479-484F-BCA6-182F5E371CB4}"
EndProject
Project("{2150E333-8FDC-42A3-9474-1A3956D46DE8}") = "abstract", "abstract", "{32B7FD94-1440-4D78-BE22-F3DBCFF0FBA4}"
EndProject
Project("{2150E333-8FDC-42A3-9474-1A3956D46DE8}") = "processors", "processors", "{A06AEA70-7EC9-44AE-8D7D-14B8C20F74AA}"
EndProject
Project("{2150E333-8FDC-42A3-9474-1A3956D46DE8}") = "services", "services", "{D3C6C2EA-578C-45F7-9DE0-10F1BAABC8B8}"
EndProject
Project("{2150E333-8FDC-42A3-9474-1A3956D46DE8}") = "terminal", "terminal", "{2F8F1E11-46D4-4BCD-8C49-8987ECE141E4}"
EndProject
Project("{2150E333-8FDC-42A3-9474-1A3956D46DE8}") = "tests", "tests", "{D8E49CFF-C0C9-4554-918A-E4393DB43DBE}"
EndProject
Project("{FAE04EC0-301F-11D3-BF4B-00C04F79EFBC}") = "tsmake.Interfaces", "tsmake.interfaces\tsmake.Interfaces.csproj", "{D1BDD5E5-67A0-4F07-82A6-7D7506B32665}"
EndProject
Project("{2150E333-8FDC-42A3-9474-1A3956D46DE8}") = "functional tests", "functional tests", "{B57E3517-312F-4AAF-A92C-F2628E70C4C1}"
EndProject
Project("{2150E333-8FDC-42A3-9474-1A3956D46DE8}") = "unit tests", "unit tests", "{E97EABF8-0759-4375-8456-9B37F63D9E3B}"
EndProject
Project("{FAE04EC0-301F-11D3-BF4B-00C04F79EFBC}") = "tsmake.Factories", "tsmake.factories\tsmake.Factories.csproj", "{5EC39996-3BC5-4E44-8026-CC719BEC17A6}"
EndProject
Project("{FAE04EC0-301F-11D3-BF4B-00C04F79EFBC}") = "tsmake.FileManagement", "tsmake.filemanagement\tsmake.FileManagement.csproj", "{72D17723-B6E1-484B-8B2A-0FA46E4E150A}"
EndProject
Project("{FAE04EC0-301F-11D3-BF4B-00C04F79EFBC}") = "tsmake.Pipeline", "tsmake.pipeline\tsmake.Pipeline.csproj", "{F87691C0-74A6-4166-B2E8-B54A52AD2B62}"
EndProject
Project("{FAE04EC0-301F-11D3-BF4B-00C04F79EFBC}") = "tsmake.Tests.UnitTests", "tsmake.tests.UnitTests\tsmake.Tests.UnitTests.csproj", "{ED9EE8CB-F995-47B9-B0C2-9C09EA8B8E75}"
EndProject
Project("{FAE04EC0-301F-11D3-BF4B-00C04F79EFBC}") = "tsmake.Processors", "tsmake.Processors\tsmake.Processors.csproj", "{6DCFCD6A-B994-4AAC-AD70-E813992789B1}"
EndProject
Project("{FAE04EC0-301F-11D3-BF4B-00C04F79EFBC}") = "tsmake.Core", "tsmake.core\tsmake.Core.csproj", "{ECEDDC12-80EE-4A02-AFC3-B35AF4B15370}"
EndProject
Global
	GlobalSection(SolutionConfigurationPlatforms) = preSolution
		Debug|Any CPU = Debug|Any CPU
		Release|Any CPU = Release|Any CPU
	EndGlobalSection
	GlobalSection(ProjectConfigurationPlatforms) = postSolution
		{7B28480D-B479-484F-BCA6-182F5E371CB4}.Debug|Any CPU.ActiveCfg = Debug|Any CPU
		{7B28480D-B479-484F-BCA6-182F5E371CB4}.Debug|Any CPU.Build.0 = Debug|Any CPU
		{7B28480D-B479-484F-BCA6-182F5E371CB4}.Release|Any CPU.ActiveCfg = Release|Any CPU
		{7B28480D-B479-484F-BCA6-182F5E371CB4}.Release|Any CPU.Build.0 = Release|Any CPU
		{D1BDD5E5-67A0-4F07-82A6-7D7506B32665}.Debug|Any CPU.ActiveCfg = Debug|Any CPU
		{D1BDD5E5-67A0-4F07-82A6-7D7506B32665}.Debug|Any CPU.Build.0 = Debug|Any CPU
		{D1BDD5E5-67A0-4F07-82A6-7D7506B32665}.Release|Any CPU.ActiveCfg = Release|Any CPU
		{D1BDD5E5-67A0-4F07-82A6-7D7506B32665}.Release|Any CPU.Build.0 = Release|Any CPU
		{5EC39996-3BC5-4E44-8026-CC719BEC17A6}.Debug|Any CPU.ActiveCfg = Debug|Any CPU
		{5EC39996-3BC5-4E44-8026-CC719BEC17A6}.Debug|Any CPU.Build.0 = Debug|Any CPU
		{5EC39996-3BC5-4E44-8026-CC719BEC17A6}.Release|Any CPU.ActiveCfg = Release|Any CPU
		{5EC39996-3BC5-4E44-8026-CC719BEC17A6}.Release|Any CPU.Build.0 = Release|Any CPU
		{72D17723-B6E1-484B-8B2A-0FA46E4E150A}.Debug|Any CPU.ActiveCfg = Debug|Any CPU
		{72D17723-B6E1-484B-8B2A-0FA46E4E150A}.Debug|Any CPU.Build.0 = Debug|Any CPU
		{72D17723-B6E1-484B-8B2A-0FA46E4E150A}.Release|Any CPU.ActiveCfg = Release|Any CPU
		{72D17723-B6E1-484B-8B2A-0FA46E4E150A}.Release|Any CPU.Build.0 = Release|Any CPU
		{F87691C0-74A6-4166-B2E8-B54A52AD2B62}.Debug|Any CPU.ActiveCfg = Debug|Any CPU
		{F87691C0-74A6-4166-B2E8-B54A52AD2B62}.Debug|Any CPU.Build.0 = Debug|Any CPU
		{F87691C0-74A6-4166-B2E8-B54A52AD2B62}.Release|Any CPU.ActiveCfg = Release|Any CPU
		{F87691C0-74A6-4166-B2E8-B54A52AD2B62}.Release|Any CPU.Build.0 = Release|Any CPU
		{ED9EE8CB-F995-47B9-B0C2-9C09EA8B8E75}.Debug|Any CPU.ActiveCfg = Debug|Any CPU
		{ED9EE8CB-F995-47B9-B0C2-9C09EA8B8E75}.Debug|Any CPU.Build.0 = Debug|Any CPU
		{ED9EE8CB-F995-47B9-B0C2-9C09EA8B8E75}.Release|Any CPU.ActiveCfg = Release|Any CPU
		{ED9EE8CB-F995-47B9-B0C2-9C09EA8B8E75}.Release|Any CPU.Build.0 = Release|Any CPU
		{6DCFCD6A-B994-4AAC-AD70-E813992789B1}.Debug|Any CPU.ActiveCfg = Debug|Any CPU
		{6DCFCD6A-B994-4AAC-AD70-E813992789B1}.Debug|Any CPU.Build.0 = Debug|Any CPU
		{6DCFCD6A-B994-4AAC-AD70-E813992789B1}.Release|Any CPU.ActiveCfg = Release|Any CPU
		{6DCFCD6A-B994-4AAC-AD70-E813992789B1}.Release|Any CPU.Build.0 = Release|Any CPU
		{ECEDDC12-80EE-4A02-AFC3-B35AF4B15370}.Debug|Any CPU.ActiveCfg = Debug|Any CPU
		{ECEDDC12-80EE-4A02-AFC3-B35AF4B15370}.Debug|Any CPU.Build.0 = Debug|Any CPU
		{ECEDDC12-80EE-4A02-AFC3-B35AF4B15370}.Release|Any CPU.ActiveCfg = Release|Any CPU
		{ECEDDC12-80EE-4A02-AFC3-B35AF4B15370}.Release|Any CPU.Build.0 = Release|Any CPU
	EndGlobalSection
	GlobalSection(SolutionProperties) = preSolution
		HideSolutionNode = FALSE
	EndGlobalSection
	GlobalSection(NestedProjects) = preSolution
		{7B28480D-B479-484F-BCA6-182F5E371CB4} = {2F8F1E11-46D4-4BCD-8C49-8987ECE141E4}
		{D1BDD5E5-67A0-4F07-82A6-7D7506B32665} = {32B7FD94-1440-4D78-BE22-F3DBCFF0FBA4}
		{B57E3517-312F-4AAF-A92C-F2628E70C4C1} = {D8E49CFF-C0C9-4554-918A-E4393DB43DBE}
		{E97EABF8-0759-4375-8456-9B37F63D9E3B} = {D8E49CFF-C0C9-4554-918A-E4393DB43DBE}
		{5EC39996-3BC5-4E44-8026-CC719BEC17A6} = {D3C6C2EA-578C-45F7-9DE0-10F1BAABC8B8}
		{72D17723-B6E1-484B-8B2A-0FA46E4E150A} = {D3C6C2EA-578C-45F7-9DE0-10F1BAABC8B8}
		{F87691C0-74A6-4166-B2E8-B54A52AD2B62} = {D3C6C2EA-578C-45F7-9DE0-10F1BAABC8B8}
		{ED9EE8CB-F995-47B9-B0C2-9C09EA8B8E75} = {E97EABF8-0759-4375-8456-9B37F63D9E3B}
		{6DCFCD6A-B994-4AAC-AD70-E813992789B1} = {A06AEA70-7EC9-44AE-8D7D-14B8C20F74AA}
		{ECEDDC12-80EE-4A02-AFC3-B35AF4B15370} = {32B7FD94-1440-4D78-BE22-F3DBCFF0FBA4}
	EndGlobalSection
	GlobalSection(ExtensibilityGlobals) = postSolution
		SolutionGuid = {83791EF4-6198-43F4-8E7E-7B3668012255}
	EndGlobalSection
EndGlobal
